
Microsoft Visual Studio Solution File, Format Version 12.00
# Visual Studio Version 17
VisualStudioVersion = 17.5.33530.505
MinimumVisualStudioVersion = 10.0.40219.1
Project("{FAE04EC0-301F-11D3-BF4B-00C04F79EFBC}") = "Formulario ICP ProgramaPropio", "Formulario ICP ProgramaPropio\Formulario ICP ProgramaPropio.csproj", "{0AF139E5-8716-4A96-95D4-D547A4733B37}"
EndProject
Project("{FAE04EC0-301F-11D3-BF4B-00C04F79EFBC}") = "_LIB.FORMICP", "_LIB.FORMICP\_LIB.FORMICP.csproj", "{500BC3E0-8973-4D5D-B52F-A52B0F3052C7}"
EndProject
Global
	GlobalSection(SolutionConfigurationPlatforms) = preSolution
		Debug|Any CPU = Debug|Any CPU
		Release|Any CPU = Release|Any CPU
	EndGlobalSection
	GlobalSection(ProjectConfigurationPlatforms) = postSolution
		{0AF139E5-8716-4A96-95D4-D547A4733B37}.Debug|Any CPU.ActiveCfg = Debug|Any CPU
		{0AF139E5-8716-4A96-95D4-D547A4733B37}.Debug|Any CPU.Build.0 = Debug|Any CPU
		{0AF139E5-8716-4A96-95D4-D547A4733B37}.Release|Any CPU.ActiveCfg = Release|Any CPU
		{0AF139E5-8716-4A96-95D4-D547A4733B37}.Release|Any CPU.Build.0 = Release|Any CPU
		{500BC3E0-8973-4D5D-B52F-A52B0F3052C7}.Debug|Any CPU.ActiveCfg = Debug|Any CPU
		{500BC3E0-8973-4D5D-B52F-A52B0F3052C7}.Debug|Any CPU.Build.0 = Debug|Any CPU
		{500BC3E0-8973-4D5D-B52F-A52B0F3052C7}.Release|Any CPU.ActiveCfg = Release|Any CPU
		{500BC3E0-8973-4D5D-B52F-A52B0F3052C7}.Release|Any CPU.Build.0 = Release|Any CPU
	EndGlobalSection
	GlobalSection(SolutionProperties) = preSolution
		HideSolutionNode = FALSE
	EndGlobalSection
	GlobalSection(ExtensibilityGlobals) = postSolution
		SolutionGuid = {69470ED7-A178-4ACD-95D9-9548EBB5ADCF}
	EndGlobalSection
EndGlobal
