
Microsoft Visual Studio Solution File, Format Version 12.00
# Visual Studio Version 17
VisualStudioVersion = 17.5.33530.505
MinimumVisualStudioVersion = 10.0.40219.1
Project("{FAE04EC0-301F-11D3-BF4B-00C04F79EFBC}") = "ProyectoICPPropio", "ProyectoICPPropio\ProyectoICPPropio.csproj", "{B2276B1D-0DD3-4776-923B-0E328C88DA92}"
EndProject
Project("{FAE04EC0-301F-11D3-BF4B-00C04F79EFBC}") = "PROCEDIMIENTOS_LIB", "PROCEDIMIENTOS_LIB\PROCEDIMIENTOS_LIB.csproj", "{B44EC87F-B316-4473-872A-E8ADC4D9622D}"
EndProject
Global
	GlobalSection(SolutionConfigurationPlatforms) = preSolution
		Debug|Any CPU = Debug|Any CPU
		Release|Any CPU = Release|Any CPU
	EndGlobalSection
	GlobalSection(ProjectConfigurationPlatforms) = postSolution
		{B2276B1D-0DD3-4776-923B-0E328C88DA92}.Debug|Any CPU.ActiveCfg = Debug|Any CPU
		{B2276B1D-0DD3-4776-923B-0E328C88DA92}.Debug|Any CPU.Build.0 = Debug|Any CPU
		{B2276B1D-0DD3-4776-923B-0E328C88DA92}.Release|Any CPU.ActiveCfg = Release|Any CPU
		{B2276B1D-0DD3-4776-923B-0E328C88DA92}.Release|Any CPU.Build.0 = Release|Any CPU
		{B44EC87F-B316-4473-872A-E8ADC4D9622D}.Debug|Any CPU.ActiveCfg = Debug|Any CPU
		{B44EC87F-B316-4473-872A-E8ADC4D9622D}.Debug|Any CPU.Build.0 = Debug|Any CPU
		{B44EC87F-B316-4473-872A-E8ADC4D9622D}.Release|Any CPU.ActiveCfg = Release|Any CPU
		{B44EC87F-B316-4473-872A-E8ADC4D9622D}.Release|Any CPU.Build.0 = Release|Any CPU
	EndGlobalSection
	GlobalSection(SolutionProperties) = preSolution
		HideSolutionNode = FALSE
	EndGlobalSection
	GlobalSection(ExtensibilityGlobals) = postSolution
		SolutionGuid = {706773E8-9F7D-4BA7-A9EB-17AD5CB0D6C2}
	EndGlobalSection
EndGlobal
