
Microsoft Visual Studio Solution File, Format Version 12.00
# Visual Studio Version 17
VisualStudioVersion = 17.5.33530.505
MinimumVisualStudioVersion = 10.0.40219.1
Project("{9A19103F-16F7-4668-BE54-9A1E7A4F7556}") = "ConexionBBDD_LIB", "ConexionBBDD_LIB\ConexionBBDD_LIB.csproj", "{A9CCF22E-524B-4AC9-97EC-C8C7ED3EEA83}"
EndProject
Project("{9A19103F-16F7-4668-BE54-9A1E7A4F7556}") = "ProyectoICP_LIB", "ProyectoICP_LIB\ProyectoICP_LIB.csproj", "{DC6257D7-112A-4DBA-A565-88ED0BF17645}"
EndProject
Project("{FAE04EC0-301F-11D3-BF4B-00C04F79EFBC}") = "FormularioICP sin petar", "FormularioICP sin petar\FormularioICP sin petar.csproj", "{1F61FAE6-82A8-4CFE-9527-7D646FEF297B}"
EndProject
Global
	GlobalSection(SolutionConfigurationPlatforms) = preSolution
		Debug|Any CPU = Debug|Any CPU
		Release|Any CPU = Release|Any CPU
	EndGlobalSection
	GlobalSection(ProjectConfigurationPlatforms) = postSolution
		{A9CCF22E-524B-4AC9-97EC-C8C7ED3EEA83}.Debug|Any CPU.ActiveCfg = Debug|Any CPU
		{A9CCF22E-524B-4AC9-97EC-C8C7ED3EEA83}.Debug|Any CPU.Build.0 = Debug|Any CPU
		{A9CCF22E-524B-4AC9-97EC-C8C7ED3EEA83}.Release|Any CPU.ActiveCfg = Release|Any CPU
		{A9CCF22E-524B-4AC9-97EC-C8C7ED3EEA83}.Release|Any CPU.Build.0 = Release|Any CPU
		{DC6257D7-112A-4DBA-A565-88ED0BF17645}.Debug|Any CPU.ActiveCfg = Debug|Any CPU
		{DC6257D7-112A-4DBA-A565-88ED0BF17645}.Debug|Any CPU.Build.0 = Debug|Any CPU
		{DC6257D7-112A-4DBA-A565-88ED0BF17645}.Release|Any CPU.ActiveCfg = Release|Any CPU
		{DC6257D7-112A-4DBA-A565-88ED0BF17645}.Release|Any CPU.Build.0 = Release|Any CPU
		{1F61FAE6-82A8-4CFE-9527-7D646FEF297B}.Debug|Any CPU.ActiveCfg = Debug|Any CPU
		{1F61FAE6-82A8-4CFE-9527-7D646FEF297B}.Debug|Any CPU.Build.0 = Debug|Any CPU
		{1F61FAE6-82A8-4CFE-9527-7D646FEF297B}.Release|Any CPU.ActiveCfg = Release|Any CPU
		{1F61FAE6-82A8-4CFE-9527-7D646FEF297B}.Release|Any CPU.Build.0 = Release|Any CPU
	EndGlobalSection
	GlobalSection(SolutionProperties) = preSolution
		HideSolutionNode = FALSE
	EndGlobalSection
	GlobalSection(ExtensibilityGlobals) = postSolution
		SolutionGuid = {413FBCCB-2A60-455C-AD4C-A44DF0354F05}
	EndGlobalSection
EndGlobal
